Microsoft Visual Studio Solution File, Format Version 12.00
# Visual Studio Version 17
VisualStudioVersion = 17.0.31903.59
MinimumVisualStudioVersion = 10.0.40219.1
Project("{F184B08F-C81C-45F6-A57F-5ABD9991F28F}") = "作业4-1", "作业4-1\作业4-1.vbproj", "{E90AF85E-7575-4D12-BE84-6D513E9AB2C3}"
EndProject
Global
    GlobalSection(SolutionConfigurationPlatforms) = preSolution
        Debug|Any CPU = Debug|Any CPU
        Release|Any CPU = Release|Any CPU
    EndGlobalSection
    GlobalSection(ProjectConfigurationPlatforms) = postSolution
        {E90AF85E-7575-4D12-BE84-6D513E9AB2C3}.Debug|Any CPU.ActiveCfg = Debug|Any CPU
        {E90AF85E-7575-4D12-BE84-6D513E9AB2C3}.Debug|Any CPU.Build.0 = Debug|Any CPU
        {E90AF85E-7575-4D12-BE84-6D513E9AB2C3}.Release|Any CPU.ActiveCfg = Release|Any CPU
        {E90AF85E-7575-4D12-BE84-6D513E9AB2C3}.Release|Any CPU.Build.0 = Release|Any CPU
    EndGlobalSection
EndGlobal
