Microsoft Visual Studio Solution File, Format Version 12.00
# Visual Studio Version 17
VisualStudioVersion = 17.0.31903.59
MinimumVisualStudioVersion = 10.0.40219.1
Project("{F184B08F-C81C-45F6-A57F-5ABD9991F28F}") = "作业4-3", "作业4-3\作业4-3.vbproj", "{03B02473-0B7E-4703-A49E-96C80AF02322}"
EndProject
Global
    GlobalSection(SolutionConfigurationPlatforms) = preSolution
        Debug|Any CPU = Debug|Any CPU
        Release|Any CPU = Release|Any CPU
    EndGlobalSection
    GlobalSection(ProjectConfigurationPlatforms) = postSolution
        {03B02473-0B7E-4703-A49E-96C80AF02322}.Debug|Any CPU.ActiveCfg = Debug|Any CPU
        {03B02473-0B7E-4703-A49E-96C80AF02322}.Debug|Any CPU.Build.0 = Debug|Any CPU
        {03B02473-0B7E-4703-A49E-96C80AF02322}.Release|Any CPU.ActiveCfg = Release|Any CPU
        {03B02473-0B7E-4703-A49E-96C80AF02322}.Release|Any CPU.Build.0 = Release|Any CPU
    EndGlobalSection
EndGlobal
